{
  "name": "btn-loder",
  "version": "1.0.1",
  "lockfileVersion": 1,
  "requires": true,
  "dependencies": {
    "btn-loader": {
      "version": "1.0.1",
      "resolved": "https://registry.npmjs.org/btn-loader/-/btn-loader-1.0.1.tgz",
      "integrity": "sha512-rhh1YYWKvf1/PwoHtbdCtS+mj5jYvdvLO/J89KqlmYF3L41V0m3/uWWDhLynNKI90fKEtZbphbQIdghrJMjiZA=="
    }
  }
}
